// !$*UTF8*$!
{
	archiveVersion = 1;
	classes = {
	};
	objectVersion = 46;
	objects = {

/* Begin PBXBuildFile section */
		18228EFA1970D2BE0026328B /* Reachability.m in Sources */ = {isa = PBXBuildFile; fileRef = 18228EF91970D2BE0026328B /* Reachability.m */; };
		BCC85F93174DA3750035E084 /* UIKit.framework in Frameworks */ = {isa = PBXBuildFile; fileRef = BCC85F92174DA3750035E084 /* UIKit.framework */; };
		BCC85F95174DA3750035E084 /* Foundation.framework in Frameworks */ = {isa = PBXBuildFile; fileRef = BCC85F94174DA3750035E084 /* Foundation.framework */; };
		BCC85F97174DA3750035E084 /* CoreGraphics.framework in Frameworks */ = {isa = PBXBuildFile; fileRef = BCC85F96174DA3750035E084 /* CoreGraphics.framework */; };
		BCC85F9D174DA3750035E084 /* InfoPlist.strings in Resources */ = {isa = PBXBuildFile; fileRef = BCC85F9B174DA3750035E084 /* InfoPlist.strings */; };
		BCC85F9F174DA3750035E084 /* main.m in Sources */ = {isa = PBXBuildFile; fileRef = BCC85F9E174DA3750035E084 /* main.m */; };
		BCC85FA3174DA3750035E084 /* AppDelegate.m in Sources */ = {isa = PBXBuildFile; fileRef = BCC85FA2174DA3750035E084 /* AppDelegate.m */; };
		BCC85FA5174DA3750035E084 /* Default.png in Resources */ = {isa = PBXBuildFile; fileRef = BCC85FA4174DA3750035E084 /* Default.png */; };
		BCC85FA7174DA3750035E084 /* Default@2x.png in Resources */ = {isa = PBXBuildFile; fileRef = BCC85FA6174DA3750035E084 /* Default@2x.png */; };
		BCC85FA9174DA3750035E084 /* Default-568h@2x.png in Resources */ = {isa = PBXBuildFile; fileRef = BCC85FA8174DA3750035E084 /* Default-568h@2x.png */; };
		BCC85FAC174DA3750035E084 /* ViewController.m in Sources */ = {isa = PBXBuildFile; fileRef = BCC85FAB174DA3750035E084 /* ViewController.m */; };
		BCC85FAF174DA3760035E084 /* ViewController.xib in Resources */ = {isa = PBXBuildFile; fileRef = BCC85FAD174DA3760035E084 /* ViewController.xib */; };
		BCC85FC0174DA3900035E084 /* FMDatabase.m in Sources */ = {isa = PBXBuildFile; fileRef = BCC85FB7174DA3900035E084 /* FMDatabase.m */; };
		BCC85FC1174DA3900035E084 /* FMDatabaseAdditions.m in Sources */ = {isa = PBXBuildFile; fileRef = BCC85FB9174DA3900035E084 /* FMDatabaseAdditions.m */; };
		BCC85FC2174DA3900035E084 /* FMDatabasePool.m in Sources */ = {isa = PBXBuildFile; fileRef = BCC85FBB174DA3900035E084 /* FMDatabasePool.m */; };
		BCC85FC3174DA3900035E084 /* FMDatabaseQueue.m in Sources */ = {isa = PBXBuildFile; fileRef = BCC85FBD174DA3900035E084 /* FMDatabaseQueue.m */; };
		BCC85FC4174DA3900035E084 /* FMResultSet.m in Sources */ = {isa = PBXBuildFile; fileRef = BCC85FBF174DA3900035E084 /* FMResultSet.m */; };
		BCC85FC6174DA5350035E084 /* libsqlite3.0.dylib in Frameworks */ = {isa = PBXBuildFile; fileRef = BCC85FC5174DA5350035E084 /* libsqlite3.0.dylib */; };
/* End PBXBuildFile section */

/* Begin PBXFileReference section */
		18228EF81970D2BE0026328B /* Reachability.h */ = {isa = PBXFileReference; fileEncoding = 4; lastKnownFileType = sourcecode.c.h; path = Reachability.h; sourceTree = "<group>"; };
		18228EF91970D2BE0026328B /* Reachability.m */ = {isa = PBXFileReference; fileEncoding = 4; lastKnownFileType = sourcecode.c.objc; path = Reachability.m; sourceTree = "<group>"; };
		18C2A6071943E2EF00FB6615 /* CFNetwork.framework */ = {isa = PBXFileReference; lastKnownFileType = wrapper.framework; name = CFNetwork.framework; path = System/Library/Frameworks/CFNetwork.framework; sourceTree = SDKROOT; };
		BCC85F8F174DA3750035E084 /* mySQL.app */ = {isa = PBXFileReference; explicitFileType = wrapper.application; includeInIndex = 0; path = mySQL.app; sourceTree = BUILT_PRODUCTS_DIR; };
		BCC85F92174DA3750035E084 /* UIKit.framework */ = {isa = PBXFileReference; lastKnownFileType = wrapper.framework; name = UIKit.framework; path = System/Library/Frameworks/UIKit.framework; sourceTree = SDKROOT; };
		BCC85F94174DA3750035E084 /* Foundation.framework */ = {isa = PBXFileReference; lastKnownFileType = wrapper.framework; name = Foundation.framework; path = System/Library/Frameworks/Foundation.framework; sourceTree = SDKROOT; };
		BCC85F96174DA3750035E084 /* CoreGraphics.framework */ = {isa = PBXFileReference; lastKnownFileType = wrapper.framework; name = CoreGraphics.framework; path = System/Library/Frameworks/CoreGraphics.framework; sourceTree = SDKROOT; };
		BCC85F9A174DA3750035E084 /* mySQL-Info.plist */ = {isa = PBXFileReference; lastKnownFileType = text.plist.xml; path = "mySQL-Info.plist"; sourceTree = "<group>"; };
		BCC85F9C174DA3750035E084 /* en */ = {isa = PBXFileReference; lastKnownFileType = text.plist.strings; name = en; path = en.lproj/InfoPlist.strings; sourceTree = "<group>"; };
		BCC85F9E174DA3750035E084 /* main.m */ = {isa = PBXFileReference; lastKnownFileType = sourcecode.c.objc; path = main.m; sourceTree = "<group>"; };
		BCC85FA0174DA3750035E084 /* mySQL-Prefix.pch */ = {isa = PBXFileReference; lastKnownFileType = sourcecode.c.h; path = "mySQL-Prefix.pch"; sourceTree = "<group>"; };
		BCC85FA1174DA3750035E084 /* AppDelegate.h */ = {isa = PBXFileReference; lastKnownFileType = sourcecode.c.h; path = AppDelegate.h; sourceTree = "<group>"; };
		BCC85FA2174DA3750035E084 /* AppDelegate.m */ = {isa = PBXFileReference; lastKnownFileType = sourcecode.c.objc; path = AppDelegate.m; sourceTree = "<group>"; };
		BCC85FA4174DA3750035E084 /* Default.png */ = {isa = PBXFileReference; lastKnownFileType = image.png; path = Default.png; sourceTree = "<group>"; };
		BCC85FA6174DA3750035E084 /* Default@2x.png */ = {isa = PBXFileReference; lastKnownFileType = image.png; path = "Default@2x.png"; sourceTree = "<group>"; };
		BCC85FA8174DA3750035E084 /* Default-568h@2x.png */ = {isa = PBXFileReference; lastKnownFileType = image.png; path = "Default-568h@2x.png"; sourceTree = "<group>"; };
		BCC85FAA174DA3750035E084 /* ViewController.h */ = {isa = PBXFileReference; lastKnownFileType = sourcecode.c.h; path = ViewController.h; sourceTree = "<group>"; };
		BCC85FAB174DA3750035E084 /* ViewController.m */ = {isa = PBXFileReference; lastKnownFileType = sourcecode.c.objc; path = ViewController.m; sourceTree = "<group>"; };
		BCC85FAE174DA3760035E084 /* en */ = {isa = PBXFileReference; lastKnownFileType = file.xib; name = en; path = en.lproj/ViewController.xib; sourceTree = "<group>"; };
		BCC85FB6174DA3900035E084 /* FMDatabase.h */ = {isa = PBXFileReference; fileEncoding = 4; lastKnownFileType = sourcecode.c.h; path = FMDatabase.h; sourceTree = "<group>"; };
		BCC85FB7174DA3900035E084 /* FMDatabase.m */ = {isa = PBXFileReference; fileEncoding = 4; lastKnownFileType = sourcecode.c.objc; path = FMDatabase.m; sourceTree = "<group>"; };
		BCC85FB8174DA3900035E084 /* FMDatabaseAdditions.h */ = {isa = PBXFileReference; fileEncoding = 4; lastKnownFileType = sourcecode.c.h; path = FMDatabaseAdditions.h; sourceTree = "<group>"; };
		BCC85FB9174DA3900035E084 /* FMDatabaseAdditions.m */ = {isa = PBXFileReference; fileEncoding = 4; lastKnownFileType = sourcecode.c.objc; path = FMDatabaseAdditions.m; sourceTree = "<group>"; };
		BCC85FBA174DA3900035E084 /* FMDatabasePool.h */ = {isa = PBXFileReference; fileEncoding = 4; lastKnownFileType = sourcecode.c.h; path = FMDatabasePool.h; sourceTree = "<group>"; };
		BCC85FBB174DA3900035E084 /* FMDatabasePool.m */ = {isa = PBXFileReference; fileEncoding = 4; lastKnownFileType = sourcecode.c.objc; path = FMDatabasePool.m; sourceTree = "<group>"; };
		BCC85FBC174DA3900035E084 /* FMDatabaseQueue.h */ = {isa = PBXFileReference; fileEncoding = 4; lastKnownFileType = sourcecode.c.h; path = FMDatabaseQueue.h; sourceTree = "<group>"; };
		BCC85FBD174DA3900035E084 /* FMDatabaseQueue.m */ = {isa = PBXFileReference; fileEncoding = 4; lastKnownFileType = sourcecode.c.objc; path = FMDatabaseQueue.m; sourceTree = "<group>"; };
		BCC85FBE174DA3900035E084 /* FMResultSet.h */ = {isa = PBXFileReference; fileEncoding = 4; lastKnownFileType = sourcecode.c.h; path = FMResultSet.h; sourceTree = "<group>"; };
		BCC85FBF174DA3900035E084 /* FMResultSet.m */ = {isa = PBXFileReference; fileEncoding = 4; lastKnownFileType = sourcecode.c.objc; path = FMResultSet.m; sourceTree = "<group>"; };
		BCC85FC5174DA5350035E084 /* libsqlite3.0.dylib */ = {isa = PBXFileReference; lastKnownFileType = "compiled.mach-o.dylib"; name = libsqlite3.0.dylib; path = usr/lib/libsqlite3.0.dylib; sourceTree = SDKROOT; };
/* End PBXFileReference section */

/* Begin PBXFrameworksBuildPhase section */
		BCC85F8C174DA3750035E084 /* Frameworks */ = {
			isa = PBXFrameworksBuildPhase;
			buildActionMask = 2147483647;
			files = (
				BCC85FC6174DA5350035E084 /* libsqlite3.0.dylib in Frameworks */,
				BCC85F93174DA3750035E084 /* UIKit.framework in Frameworks */,
				BCC85F95174DA3750035E084 /* Foundation.framework in Frameworks */,
				BCC85F97174DA3750035E084 /* CoreGraphics.framework in Frameworks */,
			);
			runOnlyForDeploymentPostprocessing = 0;
		};
/* End PBXFrameworksBuildPhase section */

/* Begin PBXGroup section */
		18228EF71970D2BE0026328B /* Reachability */ = {
			isa = PBXGroup;
			children = (
				18228EF81970D2BE0026328B /* Reachability.h */,
				18228EF91970D2BE0026328B /* Reachability.m */,
			);
			path = Reachability;
			sourceTree = "<group>";
		};
		BCC85F86174DA3750035E084 = {
			isa = PBXGroup;
			children = (
				BCC85FC5174DA5350035E084 /* libsqlite3.0.dylib */,
				BCC85F98174DA3750035E084 /* mySQL */,
				BCC85F91174DA3750035E084 /* Frameworks */,
				BCC85F90174DA3750035E084 /* Products */,
			);
			sourceTree = "<group>";
		};
		BCC85F90174DA3750035E084 /* Products */ = {
			isa = PBXGroup;
			children = (
				BCC85F8F174DA3750035E084 /* mySQL.app */,
			);
			name = Products;
			sourceTree = "<group>";
		};
		BCC85F91174DA3750035E084 /* Frameworks */ = {
			isa = PBXGroup;
			children = (
				18C2A6071943E2EF00FB6615 /* CFNetwork.framework */,
				BCC85F92174DA3750035E084 /* UIKit.framework */,
				BCC85F94174DA3750035E084 /* Foundation.framework */,
				BCC85F96174DA3750035E084 /* CoreGraphics.framework */,
			);
			name = Frameworks;
			sourceTree = "<group>";
		};
		BCC85F98174DA3750035E084 /* mySQL */ = {
			isa = PBXGroup;
			children = (
				18228EF71970D2BE0026328B /* Reachability */,
				BCC85FB5174DA3900035E084 /* fmdb */,
				BCC85FA1174DA3750035E084 /* AppDelegate.h */,
				BCC85FA2174DA3750035E084 /* AppDelegate.m */,
				BCC85FAA174DA3750035E084 /* ViewController.h */,
				BCC85FAB174DA3750035E084 /* ViewController.m */,
				BCC85FAD174DA3760035E084 /* ViewController.xib */,
				BCC85F99174DA3750035E084 /* Supporting Files */,
			);
			path = mySQL;
			sourceTree = "<group>";
		};
		BCC85F99174DA3750035E084 /* Supporting Files */ = {
			isa = PBXGroup;
			children = (
				BCC85F9A174DA3750035E084 /* mySQL-Info.plist */,
				BCC85F9B174DA3750035E084 /* InfoPlist.strings */,
				BCC85F9E174DA3750035E084 /* main.m */,
				BCC85FA0174DA3750035E084 /* mySQL-Prefix.pch */,
				BCC85FA4174DA3750035E084 /* Default.png */,
				BCC85FA6174DA3750035E084 /* Default@2x.png */,
				BCC85FA8174DA3750035E084 /* Default-568h@2x.png */,
			);
			name = "Supporting Files";
			sourceTree = "<group>";
		};
		BCC85FB5174DA3900035E084 /* fmdb */ = {
			isa = PBXGroup;
			children = (
				BCC85FB6174DA3900035E084 /* FMDatabase.h */,
				BCC85FB7174DA3900035E084 /* FMDatabase.m */,
				BCC85FB8174DA3900035E084 /* FMDatabaseAdditions.h */,
				BCC85FB9174DA3900035E084 /* FMDatabaseAdditions.m */,
				BCC85FBA174DA3900035E084 /* FMDatabasePool.h */,
				BCC85FBB174DA3900035E084 /* FMDatabasePool.m */,
				BCC85FBC174DA3900035E084 /* FMDatabaseQueue.h */,
				BCC85FBD174DA3900035E084 /* FMDatabaseQueue.m */,
				BCC85FBE174DA3900035E084 /* FMResultSet.h */,
				BCC85FBF174DA3900035E084 /* FMResultSet.m */,
			);
			path = fmdb;
			sourceTree = "<group>";
		};
/* End PBXGroup section */

/* Begin PBXNativeTarget section */
		BCC85F8E174DA3750035E084 /* mySQL */ = {
			isa = PBXNativeTarget;
			buildConfigurationList = BCC85FB2174DA3760035E084 /* Build configuration list for PBXNativeTarget "mySQL" */;
			buildPhases = (
				BCC85F8B174DA3750035E084 /* Sources */,
				BCC85F8C174DA3750035E084 /* Frameworks */,
				BCC85F8D174DA3750035E084 /* Resources */,
			);
			buildRules = (
			);
			dependencies = (
			);
			name = mySQL;
			productName = mySQL;
			productReference = BCC85F8F174DA3750035E084 /* mySQL.app */;
			productType = "com.apple.product-type.application";
		};
/* End PBXNativeTarget section */

/* Begin PBXProject section */
		BCC85F87174DA3750035E084 /* Project object */ = {
			isa = PBXProject;
			attributes = {
				LastUpgradeCheck = 0460;
				ORGANIZATIONNAME = qianfeng;
			};
			buildConfigurationList = BCC85F8A174DA3750035E084 /* Build configuration list for PBXProject "mySQL" */;
			compatibilityVersion = "Xcode 3.2";
			developmentRegion = English;
			hasScannedForEncodings = 0;
			knownRegions = (
				en,
			);
			mainGroup = BCC85F86174DA3750035E084;
			productRefGroup = BCC85F90174DA3750035E084 /* Products */;
			projectDirPath = "";
			projectRoot = "";
			targets = (
				BCC85F8E174DA3750035E084 /* mySQL */,
			);
		};
/* End PBXProject section */

/* Begin PBXResourcesBuildPhase section */
		BCC85F8D174DA3750035E084 /* Resources */ = {
			isa = PBXResourcesBuildPhase;
			buildActionMask = 2147483647;
			files = (
				BCC85F9D174DA3750035E084 /* InfoPlist.strings in Resources */,
				BCC85FA5174DA3750035E084 /* Default.png in Resources */,
				BCC85FA7174DA3750035E084 /* Default@2x.png in Resources */,
				BCC85FA9174DA3750035E084 /* Default-568h@2x.png in Resources */,
				BCC85FAF174DA3760035E084 /* ViewController.xib in Resources */,
			);
			runOnlyForDeploymentPostprocessing = 0;
		};
/* End PBXResourcesBuildPhase section */

/* Begin PBXSourcesBuildPhase section */
		BCC85F8B174DA3750035E084 /* Sources */ = {
			isa = PBXSourcesBuildPhase;
			buildActionMask = 2147483647;
			files = (
				BCC85F9F174DA3750035E084 /* main.m in Sources */,
				BCC85FA3174DA3750035E084 /* AppDelegate.m in Sources */,
				BCC85FAC174DA3750035E084 /* ViewController.m in Sources */,
				BCC85FC0174DA3900035E084 /* FMDatabase.m in Sources */,
				BCC85FC1174DA3900035E084 /* FMDatabaseAdditions.m in Sources */,
				BCC85FC2174DA3900035E084 /* FMDatabasePool.m in Sources */,
				BCC85FC3174DA3900035E084 /* FMDatabaseQueue.m in Sources */,
				18228EFA1970D2BE0026328B /* Reachability.m in Sources */,
				BCC85FC4174DA3900035E084 /* FMResultSet.m in Sources */,
			);
			runOnlyForDeploymentPostprocessing = 0;
		};
/* End PBXSourcesBuildPhase section */

/* Begin PBXVariantGroup section */
		BCC85F9B174DA3750035E084 /* InfoPlist.strings */ = {
			isa = PBXVariantGroup;
			children = (
				BCC85F9C174DA3750035E084 /* en */,
			);
			name = InfoPlist.strings;
			sourceTree = "<group>";
		};
		BCC85FAD174DA3760035E084 /* ViewController.xib */ = {
			isa = PBXVariantGroup;
			children = (
				BCC85FAE174DA3760035E084 /* en */,
			);
			name = ViewController.xib;
			sourceTree = "<group>";
		};
/* End PBXVariantGroup section */

/* Begin XCBuildConfiguration section */
		BCC85FB0174DA3760035E084 /* Debug */ = {
			isa = XCBuildConfiguration;
			buildSettings = {
				ALWAYS_SEARCH_USER_PATHS = NO;
				CLANG_CXX_LANGUAGE_STANDARD = "gnu++0x";
				CLANG_CXX_LIBRARY = "libc++";
				CLANG_WARN_CONSTANT_CONVERSION = YES;
				CLANG_WARN_EMPTY_BODY = YES;
				CLANG_WARN_ENUM_CONVERSION = YES;
				CLANG_WARN_INT_CONVERSION = YES;
				CLANG_WARN__DUPLICATE_METHOD_MATCH = YES;
				"CODE_SIGN_IDENTITY[sdk=iphoneos*]" = "iPhone Developer";
				COPY_PHASE_STRIP = NO;
				GCC_C_LANGUAGE_STANDARD = gnu99;
				GCC_DYNAMIC_NO_PIC = NO;
				GCC_OPTIMIZATION_LEVEL = 0;
				GCC_PREPROCESSOR_DEFINITIONS = (
					"DEBUG=1",
					"$(inherited)",
				);
				GCC_SYMBOLS_PRIVATE_EXTERN = NO;
				GCC_WARN_ABOUT_RETURN_TYPE = YES;
				GCC_WARN_UNINITIALIZED_AUTOS = YES;
				GCC_WARN_UNUSED_VARIABLE = YES;
				IPHONEOS_DEPLOYMENT_TARGET = 6.1;
				ONLY_ACTIVE_ARCH = YES;
				SDKROOT = iphoneos;
			};
			name = Debug;
		};
		BCC85FB1174DA3760035E084 /* Release */ = {
			isa = XCBuildConfiguration;
			buildSettings = {
				ALWAYS_SEARCH_USER_PATHS = NO;
				CLANG_CXX_LANGUAGE_STANDARD = "gnu++0x";
				CLANG_CXX_LIBRARY = "libc++";
				CLANG_WARN_CONSTANT_CONVERSION = YES;
				CLANG_WARN_EMPTY_BODY = YES;
				CLANG_WARN_ENUM_CONVERSION = YES;
				CLANG_WARN_INT_CONVERSION = YES;
				CLANG_WARN__DUPLICATE_METHOD_MATCH = YES;
				"CODE_SIGN_IDENTITY[sdk=iphoneos*]" = "iPhone Developer";
				COPY_PHASE_STRIP = YES;
				GCC_C_LANGUAGE_STANDARD = gnu99;
				GCC_WARN_ABOUT_RETURN_TYPE = YES;
				GCC_WARN_UNINITIALIZED_AUTOS = YES;
				GCC_WARN_UNUSED_VARIABLE = YES;
				IPHONEOS_DEPLOYMENT_TARGET = 6.1;
				OTHER_CFLAGS = "-DNS_BLOCK_ASSERTIONS=1";
				SDKROOT = iphoneos;
				VALIDATE_PRODUCT = YES;
			};
			name = Release;
		};
		BCC85FB3174DA3760035E084 /* Debug */ = {
			isa = XCBuildConfiguration;
			buildSettings = {
				GCC_PRECOMPILE_PREFIX_HEADER = YES;
				GCC_PREFIX_HEADER = "mySQL/mySQL-Prefix.pch";
				INFOPLIST_FILE = "mySQL/mySQL-Info.plist";
				PRODUCT_NAME = "$(TARGET_NAME)";
				WRAPPER_EXTENSION = app;
			};
			name = Debug;
		};
		BCC85FB4174DA3760035E084 /* Release */ = {
			isa = XCBuildConfiguration;
			buildSettings = {
				GCC_PRECOMPILE_PREFIX_HEADER = YES;
				GCC_PREFIX_HEADER = "mySQL/mySQL-Prefix.pch";
				INFOPLIST_FILE = "mySQL/mySQL-Info.plist";
				PRODUCT_NAME = "$(TARGET_NAME)";
				WRAPPER_EXTENSION = app;
			};
			name = Release;
		};
/* End XCBuildConfiguration section */

/* Begin XCConfigurationList section */
		BCC85F8A174DA3750035E084 /* Build configuration list for PBXProject "mySQL" */ = {
			isa = XCConfigurationList;
			buildConfigurations = (
				BCC85FB0174DA3760035E084 /* Debug */,
				BCC85FB1174DA3760035E084 /* Release */,
			);
			defaultConfigurationIsVisible = 0;
			defaultConfigurationName = Release;
		};
		BCC85FB2174DA3760035E084 /* Build configuration list for PBXNativeTarget "mySQL" */ = {
			isa = XCConfigurationList;
			buildConfigurations = (
				BCC85FB3174DA3760035E084 /* Debug */,
				BCC85FB4174DA3760035E084 /* Release */,
			);
			defaultConfigurationIsVisible = 0;
			defaultConfigurationName = Release;
		};
/* End XCConfigurationList section */
	};
	rootObject = BCC85F87174DA3750035E084 /* Project object */;
}
